
Microsoft Visual Studio Solution File, Format Version 12.00
# Visual Studio 15
VisualStudioVersion = 15.0.28307.168
MinimumVisualStudioVersion = 10.0.40219.1
Project("{FAE04EC0-301F-11D3-BF4B-00C04F79EFBC}") = "SampleEFProject", "SampleEFProject\SampleEFProject.csproj", "{264463B1-C8E6-45AD-A913-77D144B4EAAB}"
EndProject
Global
	GlobalSection(SolutionConfigurationPlatforms) = preSolution
		Debug|Any CPU = Debug|Any CPU
		Release|Any CPU = Release|Any CPU
	EndGlobalSection
	GlobalSection(ProjectConfigurationPlatforms) = postSolution
		{264463B1-C8E6-45AD-A913-77D144B4EAAB}.Debug|Any CPU.ActiveCfg = Debug|Any CPU
		{264463B1-C8E6-45AD-A913-77D144B4EAAB}.Debug|Any CPU.Build.0 = Debug|Any CPU
		{264463B1-C8E6-45AD-A913-77D144B4EAAB}.Release|Any CPU.ActiveCfg = Release|Any CPU
		{264463B1-C8E6-45AD-A913-77D144B4EAAB}.Release|Any CPU.Build.0 = Release|Any CPU
	EndGlobalSection
	GlobalSection(SolutionProperties) = preSolution
		HideSolutionNode = FALSE
	EndGlobalSection
	GlobalSection(ExtensibilityGlobals) = postSolution
		SolutionGuid = {204DCE67-0AA7-4E2E-9172-2861C944B44C}
	EndGlobalSection
EndGlobal
