
Microsoft Visual Studio Solution File, Format Version 12.00
# Visual Studio 15
VisualStudioVersion = 15.0.28010.2041
MinimumVisualStudioVersion = 10.0.40219.1
Project("{FAE04EC0-301F-11D3-BF4B-00C04F79EFBC}") = "Highest_Profit", "Highest_Profit\Highest_Profit.csproj", "{B19FE7BD-DEF8-4A9B-8196-955707860EAC}"
EndProject
Global
	GlobalSection(SolutionConfigurationPlatforms) = preSolution
		Debug|Any CPU = Debug|Any CPU
		Release|Any CPU = Release|Any CPU
	EndGlobalSection
	GlobalSection(ProjectConfigurationPlatforms) = postSolution
		{B19FE7BD-DEF8-4A9B-8196-955707860EAC}.Debug|Any CPU.ActiveCfg = Debug|Any CPU
		{B19FE7BD-DEF8-4A9B-8196-955707860EAC}.Debug|Any CPU.Build.0 = Debug|Any CPU
		{B19FE7BD-DEF8-4A9B-8196-955707860EAC}.Release|Any CPU.ActiveCfg = Release|Any CPU
		{B19FE7BD-DEF8-4A9B-8196-955707860EAC}.Release|Any CPU.Build.0 = Release|Any CPU
	EndGlobalSection
	GlobalSection(SolutionProperties) = preSolution
		HideSolutionNode = FALSE
	EndGlobalSection
	GlobalSection(ExtensibilityGlobals) = postSolution
		SolutionGuid = {98A6D50C-748B-48EC-9717-0EAC7A85A58F}
	EndGlobalSection
EndGlobal
